
Microsoft Visual Studio Solution File, Format Version 12.00
# Visual Studio 14
VisualStudioVersion = 14.0.25420.1
MinimumVisualStudioVersion = 10.0.40219.1
Project("{FAE04EC0-301F-11D3-BF4B-00C04F79EFBC}") = "LevelUp.Xamarin.OpenWeather.Android", "LevelUp.Xamarin.OpenWeather\LevelUp.Xamarin.OpenWeather.Android\LevelUp.Xamarin.OpenWeather.Android.csproj", "{7C960068-E80B-4B4C-90C2-0F6300C9F3CF}"
EndProject
Project("{FAE04EC0-301F-11D3-BF4B-00C04F79EFBC}") = "LevelUp.Xamarin.OpenWeather.iOS", "LevelUp.Xamarin.OpenWeather\LevelUp.Xamarin.OpenWeather.iOS\LevelUp.Xamarin.OpenWeather.iOS.csproj", "{F53F87A7-6190-4440-82F5-02BD86DD0F8D}"
EndProject
Project("{FAE04EC0-301F-11D3-BF4B-00C04F79EFBC}") = "LevelUp.Xamarin.OpenWeather", "LevelUp.Xamarin.OpenWeather\LevelUp.Xamarin.OpenWeather\LevelUp.Xamarin.OpenWeather.csproj", "{7B5D3546-A570-4D8B-9240-546674ED2EC8}"
EndProject
Project("{D954291E-2A0B-460D-934E-DC6B0785DB48}") = "LevelUp.Xamarin.OpenWeather.Shared", "LevelUp.Xamarin.OpenWeather.Shared\LevelUp.Xamarin.OpenWeather.Shared.shproj", "{497A42F1-C1AC-4885-93A3-74F05AD26D52}"
EndProject
Project("{FAE04EC0-301F-11D3-BF4B-00C04F79EFBC}") = "LevelUp.Xamarin.OpenWeather.Tests", "LevelUp.Xamarin.OpenWeather.Tests\LevelUp.Xamarin.OpenWeather.Tests.csproj", "{C0BA3487-4302-4F8A-8E6F-4D21F35F5EC4}"
EndProject
Global
	GlobalSection(SolutionConfigurationPlatforms) = preSolution
		Debug|Any CPU = Debug|Any CPU
		Debug|iPhone = Debug|iPhone
		Debug|iPhoneSimulator = Debug|iPhoneSimulator
		Release|Any CPU = Release|Any CPU
		Release|iPhone = Release|iPhone
		Release|iPhoneSimulator = Release|iPhoneSimulator
	EndGlobalSection
	GlobalSection(ProjectConfigurationPlatforms) = postSolution
		{7C960068-E80B-4B4C-90C2-0F6300C9F3CF}.Debug|Any CPU.ActiveCfg = Debug|Any CPU
		{7C960068-E80B-4B4C-90C2-0F6300C9F3CF}.Debug|Any CPU.Build.0 = Debug|Any CPU
		{7C960068-E80B-4B4C-90C2-0F6300C9F3CF}.Debug|Any CPU.Deploy.0 = Debug|Any CPU
		{7C960068-E80B-4B4C-90C2-0F6300C9F3CF}.Debug|iPhone.ActiveCfg = Debug|Any CPU
		{7C960068-E80B-4B4C-90C2-0F6300C9F3CF}.Debug|iPhone.Build.0 = Debug|Any CPU
		{7C960068-E80B-4B4C-90C2-0F6300C9F3CF}.Debug|iPhone.Deploy.0 = Debug|Any CPU
		{7C960068-E80B-4B4C-90C2-0F6300C9F3CF}.Debug|iPhoneSimulator.ActiveCfg = Debug|Any CPU
		{7C960068-E80B-4B4C-90C2-0F6300C9F3CF}.Debug|iPhoneSimulator.Build.0 = Debug|Any CPU
		{7C960068-E80B-4B4C-90C2-0F6300C9F3CF}.Debug|iPhoneSimulator.Deploy.0 = Debug|Any CPU
		{7C960068-E80B-4B4C-90C2-0F6300C9F3CF}.Release|Any CPU.ActiveCfg = Release|Any CPU
		{7C960068-E80B-4B4C-90C2-0F6300C9F3CF}.Release|Any CPU.Build.0 = Release|Any CPU
		{7C960068-E80B-4B4C-90C2-0F6300C9F3CF}.Release|Any CPU.Deploy.0 = Release|Any CPU
		{7C960068-E80B-4B4C-90C2-0F6300C9F3CF}.Release|iPhone.ActiveCfg = Release|Any CPU
		{7C960068-E80B-4B4C-90C2-0F6300C9F3CF}.Release|iPhone.Build.0 = Release|Any CPU
		{7C960068-E80B-4B4C-90C2-0F6300C9F3CF}.Release|iPhone.Deploy.0 = Release|Any CPU
		{7C960068-E80B-4B4C-90C2-0F6300C9F3CF}.Release|iPhoneSimulator.ActiveCfg = Release|Any CPU
		{7C960068-E80B-4B4C-90C2-0F6300C9F3CF}.Release|iPhoneSimulator.Build.0 = Release|Any CPU
		{7C960068-E80B-4B4C-90C2-0F6300C9F3CF}.Release|iPhoneSimulator.Deploy.0 = Release|Any CPU
		{F53F87A7-6190-4440-82F5-02BD86DD0F8D}.Debug|Any CPU.ActiveCfg = Debug|iPhone
		{F53F87A7-6190-4440-82F5-02BD86DD0F8D}.Debug|iPhone.ActiveCfg = Debug|iPhone
		{F53F87A7-6190-4440-82F5-02BD86DD0F8D}.Debug|iPhone.Build.0 = Debug|iPhone
		{F53F87A7-6190-4440-82F5-02BD86DD0F8D}.Debug|iPhoneSimulator.ActiveCfg = Debug|iPhoneSimulator
		{F53F87A7-6190-4440-82F5-02BD86DD0F8D}.Debug|iPhoneSimulator.Build.0 = Debug|iPhoneSimulator
		{F53F87A7-6190-4440-82F5-02BD86DD0F8D}.Release|Any CPU.ActiveCfg = Release|iPhone
		{F53F87A7-6190-4440-82F5-02BD86DD0F8D}.Release|iPhone.ActiveCfg = Release|iPhone
		{F53F87A7-6190-4440-82F5-02BD86DD0F8D}.Release|iPhone.Build.0 = Release|iPhone
		{F53F87A7-6190-4440-82F5-02BD86DD0F8D}.Release|iPhoneSimulator.ActiveCfg = Release|iPhoneSimulator
		{F53F87A7-6190-4440-82F5-02BD86DD0F8D}.Release|iPhoneSimulator.Build.0 = Release|iPhoneSimulator
		{7B5D3546-A570-4D8B-9240-546674ED2EC8}.Debug|Any CPU.ActiveCfg = Debug|Any CPU
		{7B5D3546-A570-4D8B-9240-546674ED2EC8}.Debug|Any CPU.Build.0 = Debug|Any CPU
		{7B5D3546-A570-4D8B-9240-546674ED2EC8}.Debug|iPhone.ActiveCfg = Debug|Any CPU
		{7B5D3546-A570-4D8B-9240-546674ED2EC8}.Debug|iPhone.Build.0 = Debug|Any CPU
		{7B5D3546-A570-4D8B-9240-546674ED2EC8}.Debug|iPhoneSimulator.ActiveCfg = Debug|Any CPU
		{7B5D3546-A570-4D8B-9240-546674ED2EC8}.Debug|iPhoneSimulator.Build.0 = Debug|Any CPU
		{7B5D3546-A570-4D8B-9240-546674ED2EC8}.Release|Any CPU.ActiveCfg = Release|Any CPU
		{7B5D3546-A570-4D8B-9240-546674ED2EC8}.Release|Any CPU.Build.0 = Release|Any CPU
		{7B5D3546-A570-4D8B-9240-546674ED2EC8}.Release|iPhone.ActiveCfg = Release|Any CPU
		{7B5D3546-A570-4D8B-9240-546674ED2EC8}.Release|iPhone.Build.0 = Release|Any CPU
		{7B5D3546-A570-4D8B-9240-546674ED2EC8}.Release|iPhoneSimulator.ActiveCfg = Release|Any CPU
		{7B5D3546-A570-4D8B-9240-546674ED2EC8}.Release|iPhoneSimulator.Build.0 = Release|Any CPU
		{C0BA3487-4302-4F8A-8E6F-4D21F35F5EC4}.Debug|Any CPU.ActiveCfg = Debug|Any CPU
		{C0BA3487-4302-4F8A-8E6F-4D21F35F5EC4}.Debug|Any CPU.Build.0 = Debug|Any CPU
		{C0BA3487-4302-4F8A-8E6F-4D21F35F5EC4}.Debug|iPhone.ActiveCfg = Debug|Any CPU
		{C0BA3487-4302-4F8A-8E6F-4D21F35F5EC4}.Debug|iPhone.Build.0 = Debug|Any CPU
		{C0BA3487-4302-4F8A-8E6F-4D21F35F5EC4}.Debug|iPhoneSimulator.ActiveCfg = Debug|Any CPU
		{C0BA3487-4302-4F8A-8E6F-4D21F35F5EC4}.Debug|iPhoneSimulator.Build.0 = Debug|Any CPU
		{C0BA3487-4302-4F8A-8E6F-4D21F35F5EC4}.Release|Any CPU.ActiveCfg = Release|Any CPU
		{C0BA3487-4302-4F8A-8E6F-4D21F35F5EC4}.Release|Any CPU.Build.0 = Release|Any CPU
		{C0BA3487-4302-4F8A-8E6F-4D21F35F5EC4}.Release|iPhone.ActiveCfg = Release|Any CPU
		{C0BA3487-4302-4F8A-8E6F-4D21F35F5EC4}.Release|iPhone.Build.0 = Release|Any CPU
		{C0BA3487-4302-4F8A-8E6F-4D21F35F5EC4}.Release|iPhoneSimulator.ActiveCfg = Release|Any CPU
		{C0BA3487-4302-4F8A-8E6F-4D21F35F5EC4}.Release|iPhoneSimulator.Build.0 = Release|Any CPU
	EndGlobalSection
	GlobalSection(SolutionProperties) = preSolution
		HideSolutionNode = FALSE
	EndGlobalSection
EndGlobal
